
Microsoft Visual Studio Solution File, Format Version 12.00
# Visual Studio Version 16
VisualStudioVersion = 16.0.30320.27
MinimumVisualStudioVersion = 10.0.40219.1
Project("{FAE04EC0-301F-11D3-BF4B-00C04F79EFBC}") = "RESTfulAPI", "RESTfulAPI.csproj", "{ACA00ADC-2C2D-48F5-94C4-B4F4E8D4E4C0}"
EndProject
Global
	GlobalSection(SolutionConfigurationPlatforms) = preSolution
		Debug|Any CPU = Debug|Any CPU
		Release|Any CPU = Release|Any CPU
	EndGlobalSection
	GlobalSection(ProjectConfigurationPlatforms) = postSolution
		{ACA00ADC-2C2D-48F5-94C4-B4F4E8D4E4C0}.Debug|Any CPU.ActiveCfg = Debug|Any CPU
		{ACA00ADC-2C2D-48F5-94C4-B4F4E8D4E4C0}.Debug|Any CPU.Build.0 = Debug|Any CPU
		{ACA00ADC-2C2D-48F5-94C4-B4F4E8D4E4C0}.Release|Any CPU.ActiveCfg = Release|Any CPU
		{ACA00ADC-2C2D-48F5-94C4-B4F4E8D4E4C0}.Release|Any CPU.Build.0 = Release|Any CPU
	EndGlobalSection
	GlobalSection(SolutionProperties) = preSolution
		HideSolutionNode = FALSE
	EndGlobalSection
	GlobalSection(ExtensibilityGlobals) = postSolution
		SolutionGuid = {44F2CB16-87D8-4777-ADCC-A04BA9B07014}
	EndGlobalSection
EndGlobal
